
Microsoft Visual Studio Solution File, Format Version 12.00
# Visual Studio 15
VisualStudioVersion = 15.0.28307.779
MinimumVisualStudioVersion = 10.0.40219.1
Project("{9A19103F-16F7-4668-BE54-9A1E7A4F7556}") = "Pokesharp", "API\Pokesharp.csproj", "{2DBEFA00-5FE3-45BA-A73D-4425ABF15006}"
EndProject
Global
	GlobalSection(SolutionConfigurationPlatforms) = preSolution
		Debug|Any CPU = Debug|Any CPU
		Release|Any CPU = Release|Any CPU
	EndGlobalSection
	GlobalSection(ProjectConfigurationPlatforms) = postSolution
		{2DBEFA00-5FE3-45BA-A73D-4425ABF15006}.Debug|Any CPU.ActiveCfg = Debug|Any CPU
		{2DBEFA00-5FE3-45BA-A73D-4425ABF15006}.Debug|Any CPU.Build.0 = Debug|Any CPU
		{2DBEFA00-5FE3-45BA-A73D-4425ABF15006}.Release|Any CPU.ActiveCfg = Release|Any CPU
		{2DBEFA00-5FE3-45BA-A73D-4425ABF15006}.Release|Any CPU.Build.0 = Release|Any CPU
	EndGlobalSection
	GlobalSection(SolutionProperties) = preSolution
		HideSolutionNode = FALSE
	EndGlobalSection
	GlobalSection(ExtensibilityGlobals) = postSolution
		SolutionGuid = {CB6B7DE2-DA08-497B-A1DD-A83ACBF6DC28}
	EndGlobalSection
EndGlobal
